{
  "name": "galaxy-band-booking-backend",
  "version": "1.0.0",
  "lockfileVersion": 3,
  "requires": true,
  "packages": {
    "": {
      "name": "galaxy-band-booking-backend",
      "version": "1.0.0",
      "dependencies": {
        "@supabase/supabase-js": "^2.49.1",
        "resend": "^4.1.2"
      },
      "engines": {
        "node": ">=18"
      }
    },
    "node_modules/@react-email/render": {
      "version": "1.1.2",
      "resolved": "https://registry.npmjs.org/@react-email/render/-/render-1.1.2.tgz",
      "integrity": "sha512-RnRehYN3v9gVlNMehHPHhyp2RQo7+pSkHDtXPvg3s0GbzM9SQMW4Qrf8GRNvtpLC4gsI+Wt0VatNRUFqjvevbw==",
      "license": "MIT",
      "dependencies": {
        "html-to-text": "^9.0.5",
        "prettier": "^3.5.3",
        "react-promise-suspense": "^0.3.4"
      },
      "engines": {
        "node": ">=18.0.0"
      },
      "peerDependencies": {
        "react": "^18.0 || ^19.0 || ^19.0.0-rc",
        "react-dom": "^18.0 || ^19.0 || ^19.0.0-rc"
      }
    },
    "node_modules/@selderee/plugin-htmlparser2": {
      "version": "0.11.0",
      "resolved": "https://registry.npmjs.org/@selderee/plugin-htmlparser2/-/plugin-htmlparser2-0.11.0.tgz",
      "integrity": "sha512-P33hHGdldxGabLFjPPpaTxVolMrzrcegejx+0GxjrIb9Zv48D8yAIA/QTDR2dFl7Uz7urX8aX6+5bCZslr+gWQ==",
      "license": "MIT",
      "dependencies": {
        "domhandler": "^5.0.3",
        "selderee": "^0.11.0"
      },
      "funding": {
        "url": "https://ko-fi.com/killymxi"
      }
    },
    "node_modules/@supabase/auth-js": {
      "version": "2.116.0",
      "resolved": "https://registry.npmjs.org/@supabase/auth-js/-/auth-js-2.116.0.tgz",
      "integrity": "sha512-Cmosty12gyKGK9N3bQb+lMmuAFev5nmUzaR1AsmZHqKOAGzqX1VQzmp49CNPwOx/pw0H9Qqk4rs9yhwTlKpfDg==",
      "license": "MIT",
      "dependencies": {
        "tslib": "2.8.1"
      },
      "engines": {
        "node": ">=22.0.0"
      }
    },
    "node_modules/@supabase/functions-js": {
      "version": "2.116.0",
      "resolved": "https://registry.npmjs.org/@supabase/functions-js/-/functions-js-2.116.0.tgz",
      "integrity": "sha512-E+VOc2QDcni/fySqkBFiZhnoB3SGydEdZgFI6/dEAGAHx6yEhB46TN9qb2wXs+E+RSzOBV0R6dasiSlw4xlZAA==",
      "license": "MIT",
      "dependencies": {
        "tslib": "2.8.1"
      },
      "engines": {
        "node": ">=22.0.0"
      }
    },
    "node_modules/@supabase/phoenix": {
      "version": "0.4.5",
      "resolved": "https://registry.npmjs.org/@supabase/phoenix/-/phoenix-0.4.5.tgz",
      "integrity": "sha512-aAn9H9ovVyeApKy11OWOrrOGq8DV68yWeH4ud2lN9fzn4aO8Zb5GLL9m1pUg9nLqIcT+ZDfAcsZe0E/nqdv2lw==",
      "license": "MIT"
    },
    "node_modules/@supabase/postgrest-js": {
      "version": "2.116.0",
      "resolved": "https://registry.npmjs.org/@supabase/postgrest-js/-/postgrest-js-2.116.0.tgz",
      "integrity": "sha512-kGpVZTDHxFTJS3tu+rU0iTAZ+4U0bcLVjxwCk8f3gRhjw3qdCZjTBlgYvc4kGH2XccmAzbkKwXL/mrNHMGSc+A==",
      "license": "MIT",
      "dependencies": {
        "tslib": "2.8.1"
      },
      "engines": {
        "node": ">=22.0.0"
      }
    },
    "node_modules/@supabase/realtime-js": {
      "version": "2.116.0",
      "resolved": "https://registry.npmjs.org/@supabase/realtime-js/-/realtime-js-2.116.0.tgz",
      "integrity": "sha512-MHAnlXxi2s6yiJsZsQMfs2B3RFxeVfQWxerqYhIMqcCQV/FuY3LIeouPEkXw/ah7wUWMLYwempF9MOCUScyddg==",
      "license": "MIT",
      "dependencies": {
        "@supabase/phoenix": "0.4.5",
        "tslib": "2.8.1"
      },
      "engines": {
        "node": ">=22.0.0"
      }
    },
    "node_modules/@supabase/storage-js": {
      "version": "2.116.0",
      "resolved": "https://registry.npmjs.org/@supabase/storage-js/-/storage-js-2.116.0.tgz",
      "integrity": "sha512-6/3hR6vccBP6oGM5B6RfbwZcTCKmQOodd/ZWQdsw8yJsU5zO/a//oBL6yLnmgxcjnHSrelW8rsO7hL5DPybyUQ==",
      "license": "MIT",
      "dependencies": {
        "iceberg-js": "^0.8.1",
        "tslib": "2.8.1"
      },
      "engines": {
        "node": ">=22.0.0"
      }
    },
    "node_modules/@supabase/supabase-js": {
      "version": "2.116.0",
      "resolved": "https://registry.npmjs.org/@supabase/supabase-js/-/supabase-js-2.116.0.tgz",
      "integrity": "sha512-YyWmKXt2NspV9iO8FPnlswUFJIRnrLd3oTCb+3ZyYRuKZtBH0xCUDgnUqoyA0fGUxpM/UhfwDjYf/dht/9bp7g==",
      "license": "MIT",
      "dependencies": {
        "@supabase/auth-js": "2.116.0",
        "@supabase/functions-js": "2.116.0",
        "@supabase/postgrest-js": "2.116.0",
        "@supabase/realtime-js": "2.116.0",
        "@supabase/storage-js": "2.116.0"
      },
      "engines": {
        "node": ">=22.0.0"
      },
      "peerDependencies": {
        "@opentelemetry/api": ">=1.0.0"
      },
      "peerDependenciesMeta": {
        "@opentelemetry/api": {
          "optional": true
        }
      }
    },
    "node_modules/deepmerge": {
      "version": "4.3.1",
      "resolved": "https://registry.npmjs.org/deepmerge/-/deepmerge-4.3.1.tgz",
      "integrity": "sha512-3sUqbMEc77XqpdNO7FRyRog+eW3ph+GYCbj+rK+uYyRMuwsVy0rMiVtPn+QJlKFvWP/1PYpapqYn0Me2knFn+A==",
      "license": "MIT",
      "engines": {
        "node": ">=0.10.0"
      }
    },
    "node_modules/dom-serializer": {
      "version": "2.0.0",
      "resolved": "https://registry.npmjs.org/dom-serializer/-/dom-serializer-2.0.0.tgz",
      "integrity": "sha512-wIkAryiqt/nV5EQKqQpo3SToSOV9J0DnbJqwK7Wv/Trc92zIAYZ4FlMu+JPFW1DfGFt81ZTCGgDEabffXeLyJg==",
      "license": "MIT",
      "dependencies": {
        "domelementtype": "^2.3.0",
        "domhandler": "^5.0.2",
        "entities": "^4.2.0"
      },
      "funding": {
        "url": "https://github.com/cheeriojs/dom-serializer?sponsor=1"
      }
    },
    "node_modules/domelementtype": {
      "version": "2.3.0",
      "resolved": "https://registry.npmjs.org/domelementtype/-/domelementtype-2.3.0.tgz",
      "integrity": "sha512-OLETBj6w0OsagBwdXnPdN0cnMfF9opN69co+7ZrbfPGrdpPVNBUj02spi6B1N7wChLQiPn4CSH/zJvXw56gmHw==",
      "funding": [
        {
          "type": "github",
          "url": "https://github.com/sponsors/fb55"
        }
      ],
      "license": "BSD-2-Clause"
    },
    "node_modules/domhandler": {
      "version": "5.0.3",
      "resolved": "https://registry.npmjs.org/domhandler/-/domhandler-5.0.3.tgz",
      "integrity": "sha512-cgwlv/1iFQiFnU96XXgROh8xTeetsnJiDsTc7TYCLFd9+/WNkIqPTxiM/8pSd8VIrhXGTf1Ny1q1hquVqDJB5w==",
      "license": "BSD-2-Clause",
      "dependencies": {
        "domelementtype": "^2.3.0"
      },
      "engines": {
        "node": ">= 4"
      },
      "funding": {
        "url": "https://github.com/fb55/domhandler?sponsor=1"
      }
    },
    "node_modules/domutils": {
      "version": "3.2.2",
      "resolved": "https://registry.npmjs.org/domutils/-/domutils-3.2.2.tgz",
      "integrity": "sha512-6kZKyUajlDuqlHKVX1w7gyslj9MPIXzIFiz/rGu35uC1wMi+kMhQwGhl4lt9unC9Vb9INnY9Z3/ZA3+FhASLaw==",
      "license": "BSD-2-Clause",
      "dependencies": {
        "dom-serializer": "^2.0.0",
        "domelementtype": "^2.3.0",
        "domhandler": "^5.0.3"
      },
      "funding": {
        "url": "https://github.com/fb55/domutils?sponsor=1"
      }
    },
    "node_modules/entities": {
      "version": "4.5.0",
      "resolved": "https://registry.npmjs.org/entities/-/entities-4.5.0.tgz",
      "integrity": "sha512-V0hjH4dGPh9Ao5p0MoRY6BVqtwCjhz6vI5LT8AJ55H+4g9/4vbHx1I54fS0XuclLhDHArPQCiMjDxjaL8fPxhw==",
      "license": "BSD-2-Clause",
      "engines": {
        "node": ">=0.12"
      },
      "funding": {
        "url": "https://github.com/fb55/entities?sponsor=1"
      }
    },
    "node_modules/fast-deep-equal": {
      "version": "2.0.1",
      "resolved": "https://registry.npmjs.org/fast-deep-equal/-/fast-deep-equal-2.0.1.tgz",
      "integrity": "sha512-bCK/2Z4zLidyB4ReuIsvALH6w31YfAQDmXMqMx6FyfHqvBxtjC0eRumeSu4Bs3XtXwpyIywtSTrVT99BxY1f9w==",
      "license": "MIT"
    },
    "node_modules/html-to-text": {
      "version": "9.0.5",
      "resolved": "https://registry.npmjs.org/html-to-text/-/html-to-text-9.0.5.tgz",
      "integrity": "sha512-qY60FjREgVZL03vJU6IfMV4GDjGBIoOyvuFdpBDIX9yTlDw0TjxVBQp+P8NvpdIXNJvfWBTNul7fsAQJq2FNpg==",
      "license": "MIT",
      "dependencies": {
        "@selderee/plugin-htmlparser2": "^0.11.0",
        "deepmerge": "^4.3.1",
        "dom-serializer": "^2.0.0",
        "htmlparser2": "^8.0.2",
        "selderee": "^0.11.0"
      },
      "engines": {
        "node": ">=14"
      }
    },
    "node_modules/htmlparser2": {
      "version": "8.0.2",
      "resolved": "https://registry.npmjs.org/htmlparser2/-/htmlparser2-8.0.2.tgz",
      "integrity": "sha512-GYdjWKDkbRLkZ5geuHs5NY1puJ+PXwP7+fHPRz06Eirsb9ugf6d8kkXav6ADhcODhFFPMIXyxkxSuMf3D6NCFA==",
      "funding": [
        "https://github.com/fb55/htmlparser2?sponsor=1",
        {
          "type": "github",
          "url": "https://github.com/sponsors/fb55"
        }
      ],
      "license": "MIT",
      "dependencies": {
        "domelementtype": "^2.3.0",
        "domhandler": "^5.0.3",
        "domutils": "^3.0.1",
        "entities": "^4.4.0"
      }
    },
    "node_modules/iceberg-js": {
      "version": "0.8.1",
      "resolved": "https://registry.npmjs.org/iceberg-js/-/iceberg-js-0.8.1.tgz",
      "integrity": "sha512-1dhVQZXhcHje7798IVM+xoo/1ZdVfzOMIc8/rgVSijRK38EDqOJoGula9N/8ZI5RD8QTxNQtK/Gozpr+qUqRRA==",
      "license": "MIT",
      "engines": {
        "node": ">=20.0.0"
      }
    },
    "node_modules/leac": {
      "version": "0.6.0",
      "resolved": "https://registry.npmjs.org/leac/-/leac-0.6.0.tgz",
      "integrity": "sha512-y+SqErxb8h7nE/fiEX07jsbuhrpO9lL8eca7/Y1nuWV2moNlXhyd59iDGcRf6moVyDMbmTNzL40SUyrFU/yDpg==",
      "license": "MIT",
      "funding": {
        "url": "https://ko-fi.com/killymxi"
      }
    },
    "node_modules/parseley": {
      "version": "0.12.1",
      "resolved": "https://registry.npmjs.org/parseley/-/parseley-0.12.1.tgz",
      "integrity": "sha512-e6qHKe3a9HWr0oMRVDTRhKce+bRO8VGQR3NyVwcjwrbhMmFCX9KszEV35+rn4AdilFAq9VPxP/Fe1wC9Qjd2lw==",
      "license": "MIT",
      "dependencies": {
        "leac": "^0.6.0",
        "peberminta": "^0.9.0"
      },
      "funding": {
        "url": "https://ko-fi.com/killymxi"
      }
    },
    "node_modules/peberminta": {
      "version": "0.9.0",
      "resolved": "https://registry.npmjs.org/peberminta/-/peberminta-0.9.0.tgz",
      "integrity": "sha512-XIxfHpEuSJbITd1H3EeQwpcZbTLHc+VVr8ANI9t5sit565tsI4/xK3KWTUFE2e6QiangUkh3B0jihzmGnNrRsQ==",
      "license": "MIT",
      "funding": {
        "url": "https://ko-fi.com/killymxi"
      }
    },
    "node_modules/prettier": {
      "version": "3.9.6",
      "resolved": "https://registry.npmjs.org/prettier/-/prettier-3.9.6.tgz",
      "integrity": "sha512-OpN0zzVdiaiAhxpuuj5efpIS4sY9j7bY6uR5mnj5yPzGkdkjNKSJeUThPb60Jw29QuAZgA4o+/iB49kFiaBX6g==",
      "license": "MIT",
      "bin": {
        "prettier": "bin/prettier.cjs"
      },
      "engines": {
        "node": ">=14"
      },
      "funding": {
        "url": "https://github.com/prettier/prettier?sponsor=1"
      }
    },
    "node_modules/react": {
      "version": "19.3.0",
      "resolved": "https://registry.npmjs.org/react/-/react-19.3.0.tgz",
      "integrity": "sha512-E8LUcbtBWt20bbl2YoHfx4ZDBdxVTfOKtCZn9cDSJ4l6/nuoApcpIBcj47t2wZoVX8g2ZHuMHbiShgCR1T5Sog==",
      "license": "MIT",
      "peer": true,
      "engines": {
        "node": ">=0.10.0"
      }
    },
    "node_modules/react-dom": {
      "version": "19.3.0",
      "resolved": "https://registry.npmjs.org/react-dom/-/react-dom-19.3.0.tgz",
      "integrity": "sha512-JDk8dgif51OjFoDE70+OT9ICyYr+69HlmihNwp1+Nsfbna3t5sIiCa9ZJktDmQ4/1b/rn26hIAR2uYXDMr5r0Q==",
      "license": "MIT",
      "peer": true,
      "dependencies": {
        "scheduler": "^0.28.0"
      },
      "peerDependencies": {
        "react": "^19.3.0"
      }
    },
    "node_modules/react-promise-suspense": {
      "version": "0.3.4",
      "resolved": "https://registry.npmjs.org/react-promise-suspense/-/react-promise-suspense-0.3.4.tgz",
      "integrity": "sha512-I42jl7L3Ze6kZaq+7zXWSunBa3b1on5yfvUW6Eo/3fFOj6dZ5Bqmcd264nJbTK/gn1HjjILAjSwnZbV4RpSaNQ==",
      "license": "MIT",
      "dependencies": {
        "fast-deep-equal": "^2.0.1"
      }
    },
    "node_modules/resend": {
      "version": "4.8.0",
      "resolved": "https://registry.npmjs.org/resend/-/resend-4.8.0.tgz",
      "integrity": "sha512-R8eBOFQDO6dzRTDmaMEdpqrkmgSjPpVXt4nGfWsZdYOet0kqra0xgbvTES6HmCriZEXbmGk3e0DiGIaLFTFSHA==",
      "license": "MIT",
      "dependencies": {
        "@react-email/render": "1.1.2"
      },
      "engines": {
        "node": ">=18"
      }
    },
    "node_modules/scheduler": {
      "version": "0.28.0",
      "resolved": "https://registry.npmjs.org/scheduler/-/scheduler-0.28.0.tgz",
      "integrity": "sha512-juorfCmIkIw8tT+p5BXSm6PJjQF/ycEYmKyzURCIt/RaZIhL+PulbQ9Yu2z1HdOJDdqDTlxA1+xKBmHXJsczAw==",
      "license": "MIT",
      "peer": true
    },
    "node_modules/selderee": {
      "version": "0.11.0",
      "resolved": "https://registry.npmjs.org/selderee/-/selderee-0.11.0.tgz",
      "integrity": "sha512-5TF+l7p4+OsnP8BCCvSyZiSPc4x4//p5uPwK8TCnVPJYRmU2aYKMpOXvw8zM5a5JvuuCGN1jmsMwuU2W02ukfA==",
      "license": "MIT",
      "dependencies": {
        "parseley": "^0.12.0"
      },
      "funding": {
        "url": "https://ko-fi.com/killymxi"
      }
    },
    "node_modules/tslib": {
      "version": "2.8.1",
      "resolved": "https://registry.npmjs.org/tslib/-/tslib-2.8.1.tgz",
      "integrity": "sha512-oJFu94HQb+KVduSUQL7wnpmqnfmLsOA/nAh6b6EH0wCEoK0/mPeXU6c3wKDV83MkOuHPRHtSXKKU99IBazS/2w==",
      "license": "0BSD"
    }
  }
}
